
Microsoft Visual Studio Solution File, Format Version 12.00
# Visual Studio Version 17
VisualStudioVersion = 17.11.35303.130
MinimumVisualStudioVersion = 10.0.40219.1
Project("{2150E333-8FDC-42A3-9474-1A3956D46DE8}") = "Task0", "Task0", "{000955AF-5D05-4B06-AB9A-C91089D0FD41}"
EndProject
Project("{9A19103F-16F7-4668-BE54-9A1E7A4F7556}") = "Tyuiu.SafonovRV.Sprint6.Task0.V24.Test", "Tyuiu.SafonovRV.Sprint6.Task0.V24.Test\Tyuiu.SafonovRV.Sprint6.Task0.V24.Test.csproj", "{2673794B-9984-4889-A845-2496B8EB22A6}"
EndProject
Project("{9A19103F-16F7-4668-BE54-9A1E7A4F7556}") = "Tyuiu.SafonovRV.Sprint6.Task0.V24", "Tyuiu.SafonovRV.Sprint6.Task0.V24\Tyuiu.SafonovRV.Sprint6.Task0.V24.csproj", "{6C458275-2F5F-4CB2-B453-9519964899E1}"
EndProject
Project("{9A19103F-16F7-4668-BE54-9A1E7A4F7556}") = "Tyuiu.SafonovRV.Sprint6.Task0.V24.Lib", "Tyuiu.SafonovRV.Sprint6.Task0.V24.Lib\Tyuiu.SafonovRV.Sprint6.Task0.V24.Lib.csproj", "{CFDA5190-C61E-446F-9E34-9374186E4E9E}"
EndProject
Project("{2150E333-8FDC-42A3-9474-1A3956D46DE8}") = "Task1", "Task1", "{6D8B82FE-20DD-47DD-A0C9-CE7BE1A4DF41}"
EndProject
Project("{9A19103F-16F7-4668-BE54-9A1E7A4F7556}") = "Tyuiu.SafonovRV.Sprint6.Task1.V4.Lib", "Tyuiu.SafonovRV.Sprint6.Task1.V4.Lib\Tyuiu.SafonovRV.Sprint6.Task1.V4.Lib.csproj", "{50CF5E49-7CED-4387-9BC0-F1A65C864BFC}"
EndProject
Project("{9A19103F-16F7-4668-BE54-9A1E7A4F7556}") = "Tyuiu.SafonovRV.Sprint6.Task1.V4", "Tyuiu.SafonovRV.Sprint6.Task1.V4\Tyuiu.SafonovRV.Sprint6.Task1.V4.csproj", "{B117A9C0-80FF-4B7B-8F10-12FBA600E48B}"
EndProject
Project("{9A19103F-16F7-4668-BE54-9A1E7A4F7556}") = "Tyuiu.SafonovRV.Sprint6.Task1.V4.Test", "Tyuiu.SafonovRV.Sprint6.Task1.V4.Test\Tyuiu.SafonovRV.Sprint6.Task1.V4.Test.csproj", "{AE91E90C-A389-4876-A702-B41C9A05F8E5}"
EndProject
Project("{2150E333-8FDC-42A3-9474-1A3956D46DE8}") = "Task2", "Task2", "{2A166206-A36B-42F0-8632-280029A76771}"
EndProject
Project("{9A19103F-16F7-4668-BE54-9A1E7A4F7556}") = "Tyuiu.SafonovRV.Sprint6.Task2.V9.Test", "Tyuiu.SafonovRV.Sprint6.Task2.V9.Test\Tyuiu.SafonovRV.Sprint6.Task2.V9.Test.csproj", "{79D86D70-CA44-4159-9626-725D0E9F201F}"
EndProject
Project("{9A19103F-16F7-4668-BE54-9A1E7A4F7556}") = "Tyuiu.SafonovRV.Sprint6.Task2.V9", "Tyuiu.SafonovRV.Sprint6.Task2.V9\Tyuiu.SafonovRV.Sprint6.Task2.V9.csproj", "{9B4ECFE9-C312-4B2B-B515-AC5843BAD2AF}"
EndProject
Project("{9A19103F-16F7-4668-BE54-9A1E7A4F7556}") = "Tyuiu.SafonovRV.Sprint6.Task2.V9.Lib", "Tyuiu.SafonovRV.Sprint6.Task2.V9.Lib\Tyuiu.SafonovRV.Sprint6.Task2.V9.Lib.csproj", "{B2D8B421-3627-45AA-A108-9A066100A60E}"
EndProject
Project("{2150E333-8FDC-42A3-9474-1A3956D46DE8}") = "Task3", "Task3", "{DF33C7CD-7E69-4E05-A4A5-39D47D1D42CB}"
EndProject
Project("{9A19103F-16F7-4668-BE54-9A1E7A4F7556}") = "Tyuiu.SafonovRV.Sprint6.Task3.V18", "Tyuiu.SafonovRV.Sprint6.Task3.V18\Tyuiu.SafonovRV.Sprint6.Task3.V18.csproj", "{EFF0A016-68BC-4259-B068-3FC2E237EDB1}"
EndProject
Project("{9A19103F-16F7-4668-BE54-9A1E7A4F7556}") = "Tyuiu.SafonovRV.Sprint6.Task3.V18.Lib", "Tyuiu.SafonovRV.Sprint6.Task3.V18.Lib\Tyuiu.SafonovRV.Sprint6.Task3.V18.Lib.csproj", "{1F6447E1-F355-4897-87F8-880B66A8C0F7}"
EndProject
Project("{9A19103F-16F7-4668-BE54-9A1E7A4F7556}") = "Tyuiu.SafonovRV.Sprint6.Task3.V18.Test", "Tyuiu.SafonovRV.Sprint6.Task3.V18.Test\Tyuiu.SafonovRV.Sprint6.Task3.V18.Test.csproj", "{FF00EDC9-9863-437C-9B18-5C8CD967891C}"
EndProject
Project("{2150E333-8FDC-42A3-9474-1A3956D46DE8}") = "Task4", "Task4", "{28566645-037F-44D4-8D47-3EE5EF3742CB}"
EndProject
Project("{9A19103F-16F7-4668-BE54-9A1E7A4F7556}") = "Tyuiu.SafonovRV.Sprint6.Task4.V29", "Tyuiu.SafonovRV.Sprint6.Task4.V29\Tyuiu.SafonovRV.Sprint6.Task4.V29.csproj", "{E92580C2-DD02-4CAD-80D2-098C6BCED4A9}"
EndProject
Project("{9A19103F-16F7-4668-BE54-9A1E7A4F7556}") = "Tyuiu.SafonovRV.Sprint6.Task4.V29.Lib", "Tyuiu.SafonovRV.Sprint6.Task4.V29.Lib\Tyuiu.SafonovRV.Sprint6.Task4.V29.Lib.csproj", "{4BE77542-5985-4217-A1D1-277ED4B909D4}"
EndProject
Project("{9A19103F-16F7-4668-BE54-9A1E7A4F7556}") = "Tyuiu.SafonovRV.Sprint6.Task4.V29.Test", "Tyuiu.SafonovRV.Sprint6.Task4.V29.Test\Tyuiu.SafonovRV.Sprint6.Task4.V29.Test.csproj", "{BB74D352-9B63-473A-90D6-213596655471}"
EndProject
Project("{2150E333-8FDC-42A3-9474-1A3956D46DE8}") = "Task5", "Task5", "{0BDB2D1A-15BC-4C56-B174-DA3854D67DB9}"
EndProject
Project("{9A19103F-16F7-4668-BE54-9A1E7A4F7556}") = "Tyuiu.SafonovRV.Sprint6.Task5.V21.Test", "Tyuiu.SafonovRV.Sprint6.Task5.V21.Test\Tyuiu.SafonovRV.Sprint6.Task5.V21.Test.csproj", "{1677167E-F170-49DB-A2DD-68298CDA9BBC}"
EndProject
Project("{9A19103F-16F7-4668-BE54-9A1E7A4F7556}") = "Tyuiu.SafonovRV.Sprint6.Task5.V21", "Tyuiu.SafonovRV.Sprint6.Task5.V21\Tyuiu.SafonovRV.Sprint6.Task5.V21.csproj", "{1933DAB8-7B31-4BA5-8398-894792F5803A}"
EndProject
Project("{9A19103F-16F7-4668-BE54-9A1E7A4F7556}") = "Tyuiu.SafonovRV.Sprint6.Task5.V21.Lib", "Tyuiu.SafonovRV.Sprint6.Task5.V21.Lib\Tyuiu.SafonovRV.Sprint6.Task5.V21.Lib.csproj", "{BE5D302F-3457-47F4-9462-028663FC17D2}"
EndProject
Project("{2150E333-8FDC-42A3-9474-1A3956D46DE8}") = "Task6", "Task6", "{AE126C75-739F-498C-B676-6FBEE2449AFF}"
EndProject
Project("{FAE04EC0-301F-11D3-BF4B-00C04F79EFBC}") = "Tyuiu.SafonovRV.Sprint6.Task6.V24", "Tyuiu.SafonovRV.Sprint6.Task6.V24\Tyuiu.SafonovRV.Sprint6.Task6.V24.csproj", "{E917780E-D997-4BAC-A8C6-BBB35018647A}"
EndProject
Project("{FAE04EC0-301F-11D3-BF4B-00C04F79EFBC}") = "Tyuiu.SafonovRV.Sprint6.Task6.V24.Lib", "Tyuiu.SafonovRV.Sprint6.Task6.V24.Lib\Tyuiu.SafonovRV.Sprint6.Task6.V24.Lib.csproj", "{205108B6-1B06-4E46-90D6-1CDDAC324BBF}"
EndProject
Project("{FAE04EC0-301F-11D3-BF4B-00C04F79EFBC}") = "Tyuiu.SafonovRV.Sprint6.Task6.V24.Test", "Tyuiu.SafonovRV.Sprint6.Task6.V24.Test\Tyuiu.SafonovRV.Sprint6.Task6.V24.Test.csproj", "{70AC59EA-B41F-478E-8FFE-FD970AD4237C}"
EndProject
Global
	GlobalSection(SolutionConfigurationPlatforms) = preSolution
		Debug|Any CPU = Debug|Any CPU
		Release|Any CPU = Release|Any CPU
	EndGlobalSection
	GlobalSection(ProjectConfigurationPlatforms) = postSolution
		{2673794B-9984-4889-A845-2496B8EB22A6}.Debug|Any CPU.ActiveCfg = Debug|Any CPU
		{2673794B-9984-4889-A845-2496B8EB22A6}.Debug|Any CPU.Build.0 = Debug|Any CPU
		{2673794B-9984-4889-A845-2496B8EB22A6}.Release|Any CPU.ActiveCfg = Release|Any CPU
		{2673794B-9984-4889-A845-2496B8EB22A6}.Release|Any CPU.Build.0 = Release|Any CPU
		{6C458275-2F5F-4CB2-B453-9519964899E1}.Debug|Any CPU.ActiveCfg = Debug|Any CPU
		{6C458275-2F5F-4CB2-B453-9519964899E1}.Debug|Any CPU.Build.0 = Debug|Any CPU
		{6C458275-2F5F-4CB2-B453-9519964899E1}.Release|Any CPU.ActiveCfg = Release|Any CPU
		{6C458275-2F5F-4CB2-B453-9519964899E1}.Release|Any CPU.Build.0 = Release|Any CPU
		{CFDA5190-C61E-446F-9E34-9374186E4E9E}.Debug|Any CPU.ActiveCfg = Debug|Any CPU
		{CFDA5190-C61E-446F-9E34-9374186E4E9E}.Debug|Any CPU.Build.0 = Debug|Any CPU
		{CFDA5190-C61E-446F-9E34-9374186E4E9E}.Release|Any CPU.ActiveCfg = Release|Any CPU
		{CFDA5190-C61E-446F-9E34-9374186E4E9E}.Release|Any CPU.Build.0 = Release|Any CPU
		{50CF5E49-7CED-4387-9BC0-F1A65C864BFC}.Debug|Any CPU.ActiveCfg = Debug|Any CPU
		{50CF5E49-7CED-4387-9BC0-F1A65C864BFC}.Debug|Any CPU.Build.0 = Debug|Any CPU
		{50CF5E49-7CED-4387-9BC0-F1A65C864BFC}.Release|Any CPU.ActiveCfg = Release|Any CPU
		{50CF5E49-7CED-4387-9BC0-F1A65C864BFC}.Release|Any CPU.Build.0 = Release|Any CPU
		{B117A9C0-80FF-4B7B-8F10-12FBA600E48B}.Debug|Any CPU.ActiveCfg = Debug|Any CPU
		{B117A9C0-80FF-4B7B-8F10-12FBA600E48B}.Debug|Any CPU.Build.0 = Debug|Any CPU
		{B117A9C0-80FF-4B7B-8F10-12FBA600E48B}.Release|Any CPU.ActiveCfg = Release|Any CPU
		{B117A9C0-80FF-4B7B-8F10-12FBA600E48B}.Release|Any CPU.Build.0 = Release|Any CPU
		{AE91E90C-A389-4876-A702-B41C9A05F8E5}.Debug|Any CPU.ActiveCfg = Debug|Any CPU
		{AE91E90C-A389-4876-A702-B41C9A05F8E5}.Debug|Any CPU.Build.0 = Debug|Any CPU
		{AE91E90C-A389-4876-A702-B41C9A05F8E5}.Release|Any CPU.ActiveCfg = Release|Any CPU
		{AE91E90C-A389-4876-A702-B41C9A05F8E5}.Release|Any CPU.Build.0 = Release|Any CPU
		{79D86D70-CA44-4159-9626-725D0E9F201F}.Debug|Any CPU.ActiveCfg = Debug|Any CPU
		{79D86D70-CA44-4159-9626-725D0E9F201F}.Debug|Any CPU.Build.0 = Debug|Any CPU
		{79D86D70-CA44-4159-9626-725D0E9F201F}.Release|Any CPU.ActiveCfg = Release|Any CPU
		{79D86D70-CA44-4159-9626-725D0E9F201F}.Release|Any CPU.Build.0 = Release|Any CPU
		{9B4ECFE9-C312-4B2B-B515-AC5843BAD2AF}.Debug|Any CPU.ActiveCfg = Debug|Any CPU
		{9B4ECFE9-C312-4B2B-B515-AC5843BAD2AF}.Debug|Any CPU.Build.0 = Debug|Any CPU
		{9B4ECFE9-C312-4B2B-B515-AC5843BAD2AF}.Release|Any CPU.ActiveCfg = Release|Any CPU
		{9B4ECFE9-C312-4B2B-B515-AC5843BAD2AF}.Release|Any CPU.Build.0 = Release|Any CPU
		{B2D8B421-3627-45AA-A108-9A066100A60E}.Debug|Any CPU.ActiveCfg = Debug|Any CPU
		{B2D8B421-3627-45AA-A108-9A066100A60E}.Debug|Any CPU.Build.0 = Debug|Any CPU
		{B2D8B421-3627-45AA-A108-9A066100A60E}.Release|Any CPU.ActiveCfg = Release|Any CPU
		{B2D8B421-3627-45AA-A108-9A066100A60E}.Release|Any CPU.Build.0 = Release|Any CPU
		{EFF0A016-68BC-4259-B068-3FC2E237EDB1}.Debug|Any CPU.ActiveCfg = Debug|Any CPU
		{EFF0A016-68BC-4259-B068-3FC2E237EDB1}.Debug|Any CPU.Build.0 = Debug|Any CPU
		{EFF0A016-68BC-4259-B068-3FC2E237EDB1}.Release|Any CPU.ActiveCfg = Release|Any CPU
		{EFF0A016-68BC-4259-B068-3FC2E237EDB1}.Release|Any CPU.Build.0 = Release|Any CPU
		{1F6447E1-F355-4897-87F8-880B66A8C0F7}.Debug|Any CPU.ActiveCfg = Debug|Any CPU
		{1F6447E1-F355-4897-87F8-880B66A8C0F7}.Debug|Any CPU.Build.0 = Debug|Any CPU
		{1F6447E1-F355-4897-87F8-880B66A8C0F7}.Release|Any CPU.ActiveCfg = Release|Any CPU
		{1F6447E1-F355-4897-87F8-880B66A8C0F7}.Release|Any CPU.Build.0 = Release|Any CPU
		{FF00EDC9-9863-437C-9B18-5C8CD967891C}.Debug|Any CPU.ActiveCfg = Debug|Any CPU
		{FF00EDC9-9863-437C-9B18-5C8CD967891C}.Debug|Any CPU.Build.0 = Debug|Any CPU
		{FF00EDC9-9863-437C-9B18-5C8CD967891C}.Release|Any CPU.ActiveCfg = Release|Any CPU
		{FF00EDC9-9863-437C-9B18-5C8CD967891C}.Release|Any CPU.Build.0 = Release|Any CPU
		{E92580C2-DD02-4CAD-80D2-098C6BCED4A9}.Debug|Any CPU.ActiveCfg = Debug|Any CPU
		{E92580C2-DD02-4CAD-80D2-098C6BCED4A9}.Debug|Any CPU.Build.0 = Debug|Any CPU
		{E92580C2-DD02-4CAD-80D2-098C6BCED4A9}.Release|Any CPU.ActiveCfg = Release|Any CPU
		{E92580C2-DD02-4CAD-80D2-098C6BCED4A9}.Release|Any CPU.Build.0 = Release|Any CPU
		{4BE77542-5985-4217-A1D1-277ED4B909D4}.Debug|Any CPU.ActiveCfg = Debug|Any CPU
		{4BE77542-5985-4217-A1D1-277ED4B909D4}.Debug|Any CPU.Build.0 = Debug|Any CPU
		{4BE77542-5985-4217-A1D1-277ED4B909D4}.Release|Any CPU.ActiveCfg = Release|Any CPU
		{4BE77542-5985-4217-A1D1-277ED4B909D4}.Release|Any CPU.Build.0 = Release|Any CPU
		{BB74D352-9B63-473A-90D6-213596655471}.Debug|Any CPU.ActiveCfg = Debug|Any CPU
		{BB74D352-9B63-473A-90D6-213596655471}.Debug|Any CPU.Build.0 = Debug|Any CPU
		{BB74D352-9B63-473A-90D6-213596655471}.Release|Any CPU.ActiveCfg = Release|Any CPU
		{BB74D352-9B63-473A-90D6-213596655471}.Release|Any CPU.Build.0 = Release|Any CPU
		{1677167E-F170-49DB-A2DD-68298CDA9BBC}.Debug|Any CPU.ActiveCfg = Debug|Any CPU
		{1677167E-F170-49DB-A2DD-68298CDA9BBC}.Debug|Any CPU.Build.0 = Debug|Any CPU
		{1677167E-F170-49DB-A2DD-68298CDA9BBC}.Release|Any CPU.ActiveCfg = Release|Any CPU
		{1677167E-F170-49DB-A2DD-68298CDA9BBC}.Release|Any CPU.Build.0 = Release|Any CPU
		{1933DAB8-7B31-4BA5-8398-894792F5803A}.Debug|Any CPU.ActiveCfg = Debug|Any CPU
		{1933DAB8-7B31-4BA5-8398-894792F5803A}.Debug|Any CPU.Build.0 = Debug|Any CPU
		{1933DAB8-7B31-4BA5-8398-894792F5803A}.Release|Any CPU.ActiveCfg = Release|Any CPU
		{1933DAB8-7B31-4BA5-8398-894792F5803A}.Release|Any CPU.Build.0 = Release|Any CPU
		{BE5D302F-3457-47F4-9462-028663FC17D2}.Debug|Any CPU.ActiveCfg = Debug|Any CPU
		{BE5D302F-3457-47F4-9462-028663FC17D2}.Debug|Any CPU.Build.0 = Debug|Any CPU
		{BE5D302F-3457-47F4-9462-028663FC17D2}.Release|Any CPU.ActiveCfg = Release|Any CPU
		{BE5D302F-3457-47F4-9462-028663FC17D2}.Release|Any CPU.Build.0 = Release|Any CPU
		{E917780E-D997-4BAC-A8C6-BBB35018647A}.Debug|Any CPU.ActiveCfg = Debug|Any CPU
		{E917780E-D997-4BAC-A8C6-BBB35018647A}.Debug|Any CPU.Build.0 = Debug|Any CPU
		{E917780E-D997-4BAC-A8C6-BBB35018647A}.Release|Any CPU.ActiveCfg = Release|Any CPU
		{E917780E-D997-4BAC-A8C6-BBB35018647A}.Release|Any CPU.Build.0 = Release|Any CPU
		{205108B6-1B06-4E46-90D6-1CDDAC324BBF}.Debug|Any CPU.ActiveCfg = Debug|Any CPU
		{205108B6-1B06-4E46-90D6-1CDDAC324BBF}.Debug|Any CPU.Build.0 = Debug|Any CPU
		{205108B6-1B06-4E46-90D6-1CDDAC324BBF}.Release|Any CPU.ActiveCfg = Release|Any CPU
		{205108B6-1B06-4E46-90D6-1CDDAC324BBF}.Release|Any CPU.Build.0 = Release|Any CPU
		{70AC59EA-B41F-478E-8FFE-FD970AD4237C}.Debug|Any CPU.ActiveCfg = Debug|Any CPU
		{70AC59EA-B41F-478E-8FFE-FD970AD4237C}.Debug|Any CPU.Build.0 = Debug|Any CPU
		{70AC59EA-B41F-478E-8FFE-FD970AD4237C}.Release|Any CPU.ActiveCfg = Release|Any CPU
		{70AC59EA-B41F-478E-8FFE-FD970AD4237C}.Release|Any CPU.Build.0 = Release|Any CPU
	EndGlobalSection
	GlobalSection(SolutionProperties) = preSolution
		HideSolutionNode = FALSE
	EndGlobalSection
	GlobalSection(NestedProjects) = preSolution
		{2673794B-9984-4889-A845-2496B8EB22A6} = {000955AF-5D05-4B06-AB9A-C91089D0FD41}
		{6C458275-2F5F-4CB2-B453-9519964899E1} = {000955AF-5D05-4B06-AB9A-C91089D0FD41}
		{CFDA5190-C61E-446F-9E34-9374186E4E9E} = {000955AF-5D05-4B06-AB9A-C91089D0FD41}
		{50CF5E49-7CED-4387-9BC0-F1A65C864BFC} = {6D8B82FE-20DD-47DD-A0C9-CE7BE1A4DF41}
		{B117A9C0-80FF-4B7B-8F10-12FBA600E48B} = {6D8B82FE-20DD-47DD-A0C9-CE7BE1A4DF41}
		{AE91E90C-A389-4876-A702-B41C9A05F8E5} = {6D8B82FE-20DD-47DD-A0C9-CE7BE1A4DF41}
		{79D86D70-CA44-4159-9626-725D0E9F201F} = {2A166206-A36B-42F0-8632-280029A76771}
		{9B4ECFE9-C312-4B2B-B515-AC5843BAD2AF} = {2A166206-A36B-42F0-8632-280029A76771}
		{B2D8B421-3627-45AA-A108-9A066100A60E} = {2A166206-A36B-42F0-8632-280029A76771}
		{EFF0A016-68BC-4259-B068-3FC2E237EDB1} = {DF33C7CD-7E69-4E05-A4A5-39D47D1D42CB}
		{1F6447E1-F355-4897-87F8-880B66A8C0F7} = {DF33C7CD-7E69-4E05-A4A5-39D47D1D42CB}
		{FF00EDC9-9863-437C-9B18-5C8CD967891C} = {DF33C7CD-7E69-4E05-A4A5-39D47D1D42CB}
		{E92580C2-DD02-4CAD-80D2-098C6BCED4A9} = {28566645-037F-44D4-8D47-3EE5EF3742CB}
		{4BE77542-5985-4217-A1D1-277ED4B909D4} = {28566645-037F-44D4-8D47-3EE5EF3742CB}
		{BB74D352-9B63-473A-90D6-213596655471} = {28566645-037F-44D4-8D47-3EE5EF3742CB}
		{1677167E-F170-49DB-A2DD-68298CDA9BBC} = {0BDB2D1A-15BC-4C56-B174-DA3854D67DB9}
		{1933DAB8-7B31-4BA5-8398-894792F5803A} = {0BDB2D1A-15BC-4C56-B174-DA3854D67DB9}
		{BE5D302F-3457-47F4-9462-028663FC17D2} = {0BDB2D1A-15BC-4C56-B174-DA3854D67DB9}
		{E917780E-D997-4BAC-A8C6-BBB35018647A} = {AE126C75-739F-498C-B676-6FBEE2449AFF}
		{205108B6-1B06-4E46-90D6-1CDDAC324BBF} = {AE126C75-739F-498C-B676-6FBEE2449AFF}
		{70AC59EA-B41F-478E-8FFE-FD970AD4237C} = {AE126C75-739F-498C-B676-6FBEE2449AFF}
	EndGlobalSection
	GlobalSection(ExtensibilityGlobals) = postSolution
		SolutionGuid = {5FF70B6D-CBFE-4E71-BF26-BE986A12D41E}
	EndGlobalSection
EndGlobal
