
Microsoft Visual Studio Solution File, Format Version 12.00
# Visual Studio Version 17
VisualStudioVersion = 17.11.35303.130
MinimumVisualStudioVersion = 10.0.40219.1
Project("{2150E333-8FDC-42A3-9474-1A3956D46DE8}") = "Task0", "Task0", "{000955AF-5D05-4B06-AB9A-C91089D0FD41}"
EndProject
Project("{9A19103F-16F7-4668-BE54-9A1E7A4F7556}") = "Tyuiu.SafonovRV.Sprint6.Task0.V24.Test", "Tyuiu.SafonovRV.Sprint6.Task0.V24.Test\Tyuiu.SafonovRV.Sprint6.Task0.V24.Test.csproj", "{2673794B-9984-4889-A845-2496B8EB22A6}"
EndProject
Project("{9A19103F-16F7-4668-BE54-9A1E7A4F7556}") = "Tyuiu.SafonovRV.Sprint6.Task0.V24", "Tyuiu.SafonovRV.Sprint6.Task0.V24\Tyuiu.SafonovRV.Sprint6.Task0.V24.csproj", "{6C458275-2F5F-4CB2-B453-9519964899E1}"
EndProject
Project("{9A19103F-16F7-4668-BE54-9A1E7A4F7556}") = "Tyuiu.SafonovRV.Sprint6.Task0.V24.Lib", "Tyuiu.SafonovRV.Sprint6.Task0.V24.Lib\Tyuiu.SafonovRV.Sprint6.Task0.V24.Lib.csproj", "{CFDA5190-C61E-446F-9E34-9374186E4E9E}"
EndProject
Project("{2150E333-8FDC-42A3-9474-1A3956D46DE8}") = "Task1", "Task1", "{6D8B82FE-20DD-47DD-A0C9-CE7BE1A4DF41}"
EndProject
Project("{9A19103F-16F7-4668-BE54-9A1E7A4F7556}") = "Tyuiu.SafonovRV.Sprint6.Task1.V4.Lib", "Tyuiu.SafonovRV.Sprint6.Task1.V4.Lib\Tyuiu.SafonovRV.Sprint6.Task1.V4.Lib.csproj", "{50CF5E49-7CED-4387-9BC0-F1A65C864BFC}"
EndProject
Project("{9A19103F-16F7-4668-BE54-9A1E7A4F7556}") = "Tyuiu.SafonovRV.Sprint6.Task1.V4", "Tyuiu.SafonovRV.Sprint6.Task1.V4\Tyuiu.SafonovRV.Sprint6.Task1.V4.csproj", "{B117A9C0-80FF-4B7B-8F10-12FBA600E48B}"
EndProject
Project("{9A19103F-16F7-4668-BE54-9A1E7A4F7556}") = "Tyuiu.SafonovRV.Sprint6.Task1.V4.Test", "Tyuiu.SafonovRV.Sprint6.Task1.V4.Test\Tyuiu.SafonovRV.Sprint6.Task1.V4.Test.csproj", "{AE91E90C-A389-4876-A702-B41C9A05F8E5}"
EndProject
Project("{2150E333-8FDC-42A3-9474-1A3956D46DE8}") = "Task2", "Task2", "{2A166206-A36B-42F0-8632-280029A76771}"
EndProject
Project("{9A19103F-16F7-4668-BE54-9A1E7A4F7556}") = "Tyuiu.SafonovRV.Sprint6.Task2.V9.Test", "Tyuiu.SafonovRV.Sprint6.Task2.V9.Test\Tyuiu.SafonovRV.Sprint6.Task2.V9.Test.csproj", "{79D86D70-CA44-4159-9626-725D0E9F201F}"
EndProject
Project("{9A19103F-16F7-4668-BE54-9A1E7A4F7556}") = "Tyuiu.SafonovRV.Sprint6.Task2.V9", "Tyuiu.SafonovRV.Sprint6.Task2.V9\Tyuiu.SafonovRV.Sprint6.Task2.V9.csproj", "{9B4ECFE9-C312-4B2B-B515-AC5843BAD2AF}"
EndProject
Project("{9A19103F-16F7-4668-BE54-9A1E7A4F7556}") = "Tyuiu.SafonovRV.Sprint6.Task2.V9.Lib", "Tyuiu.SafonovRV.Sprint6.Task2.V9.Lib\Tyuiu.SafonovRV.Sprint6.Task2.V9.Lib.csproj", "{B2D8B421-3627-45AA-A108-9A066100A60E}"
EndProject
Project("{2150E333-8FDC-42A3-9474-1A3956D46DE8}") = "Task3", "Task3", "{DF33C7CD-7E69-4E05-A4A5-39D47D1D42CB}"
EndProject
Project("{FAE04EC0-301F-11D3-BF4B-00C04F79EFBC}") = "Tyuiu.SafonovRV.Sprint6.Task3.V18", "Tyuiu.SafonovRV.Sprint6.Task3.V18\Tyuiu.SafonovRV.Sprint6.Task3.V18.csproj", "{EFF0A016-68BC-4259-B068-3FC2E237EDB1}"
EndProject
Project("{FAE04EC0-301F-11D3-BF4B-00C04F79EFBC}") = "Tyuiu.SafonovRV.Sprint6.Task3.V18.Lib", "Tyuiu.SafonovRV.Sprint6.Task3.V18.Lib\Tyuiu.SafonovRV.Sprint6.Task3.V18.Lib.csproj", "{1F6447E1-F355-4897-87F8-880B66A8C0F7}"
EndProject
Project("{FAE04EC0-301F-11D3-BF4B-00C04F79EFBC}") = "Tyuiu.SafonovRV.Sprint6.Task3.V18.Test", "Tyuiu.SafonovRV.Sprint6.Task3.V18.Test\Tyuiu.SafonovRV.Sprint6.Task3.V18.Test.csproj", "{FF00EDC9-9863-437C-9B18-5C8CD967891C}"
EndProject
Global
	GlobalSection(SolutionConfigurationPlatforms) = preSolution
		Debug|Any CPU = Debug|Any CPU
		Release|Any CPU = Release|Any CPU
	EndGlobalSection
	GlobalSection(ProjectConfigurationPlatforms) = postSolution
		{2673794B-9984-4889-A845-2496B8EB22A6}.Debug|Any CPU.ActiveCfg = Debug|Any CPU
		{2673794B-9984-4889-A845-2496B8EB22A6}.Debug|Any CPU.Build.0 = Debug|Any CPU
		{2673794B-9984-4889-A845-2496B8EB22A6}.Release|Any CPU.ActiveCfg = Release|Any CPU
		{2673794B-9984-4889-A845-2496B8EB22A6}.Release|Any CPU.Build.0 = Release|Any CPU
		{6C458275-2F5F-4CB2-B453-9519964899E1}.Debug|Any CPU.ActiveCfg = Debug|Any CPU
		{6C458275-2F5F-4CB2-B453-9519964899E1}.Debug|Any CPU.Build.0 = Debug|Any CPU
		{6C458275-2F5F-4CB2-B453-9519964899E1}.Release|Any CPU.ActiveCfg = Release|Any CPU
		{6C458275-2F5F-4CB2-B453-9519964899E1}.Release|Any CPU.Build.0 = Release|Any CPU
		{CFDA5190-C61E-446F-9E34-9374186E4E9E}.Debug|Any CPU.ActiveCfg = Debug|Any CPU
		{CFDA5190-C61E-446F-9E34-9374186E4E9E}.Debug|Any CPU.Build.0 = Debug|Any CPU
		{CFDA5190-C61E-446F-9E34-9374186E4E9E}.Release|Any CPU.ActiveCfg = Release|Any CPU
		{CFDA5190-C61E-446F-9E34-9374186E4E9E}.Release|Any CPU.Build.0 = Release|Any CPU
		{50CF5E49-7CED-4387-9BC0-F1A65C864BFC}.Debug|Any CPU.ActiveCfg = Debug|Any CPU
		{50CF5E49-7CED-4387-9BC0-F1A65C864BFC}.Debug|Any CPU.Build.0 = Debug|Any CPU
		{50CF5E49-7CED-4387-9BC0-F1A65C864BFC}.Release|Any CPU.ActiveCfg = Release|Any CPU
		{50CF5E49-7CED-4387-9BC0-F1A65C864BFC}.Release|Any CPU.Build.0 = Release|Any CPU
		{B117A9C0-80FF-4B7B-8F10-12FBA600E48B}.Debug|Any CPU.ActiveCfg = Debug|Any CPU
		{B117A9C0-80FF-4B7B-8F10-12FBA600E48B}.Debug|Any CPU.Build.0 = Debug|Any CPU
		{B117A9C0-80FF-4B7B-8F10-12FBA600E48B}.Release|Any CPU.ActiveCfg = Release|Any CPU
		{B117A9C0-80FF-4B7B-8F10-12FBA600E48B}.Release|Any CPU.Build.0 = Release|Any CPU
		{AE91E90C-A389-4876-A702-B41C9A05F8E5}.Debug|Any CPU.ActiveCfg = Debug|Any CPU
		{AE91E90C-A389-4876-A702-B41C9A05F8E5}.Debug|Any CPU.Build.0 = Debug|Any CPU
		{AE91E90C-A389-4876-A702-B41C9A05F8E5}.Release|Any CPU.ActiveCfg = Release|Any CPU
		{AE91E90C-A389-4876-A702-B41C9A05F8E5}.Release|Any CPU.Build.0 = Release|Any CPU
		{79D86D70-CA44-4159-9626-725D0E9F201F}.Debug|Any CPU.ActiveCfg = Debug|Any CPU
		{79D86D70-CA44-4159-9626-725D0E9F201F}.Debug|Any CPU.Build.0 = Debug|Any CPU
		{79D86D70-CA44-4159-9626-725D0E9F201F}.Release|Any CPU.ActiveCfg = Release|Any CPU
		{79D86D70-CA44-4159-9626-725D0E9F201F}.Release|Any CPU.Build.0 = Release|Any CPU
		{9B4ECFE9-C312-4B2B-B515-AC5843BAD2AF}.Debug|Any CPU.ActiveCfg = Debug|Any CPU
		{9B4ECFE9-C312-4B2B-B515-AC5843BAD2AF}.Debug|Any CPU.Build.0 = Debug|Any CPU
		{9B4ECFE9-C312-4B2B-B515-AC5843BAD2AF}.Release|Any CPU.ActiveCfg = Release|Any CPU
		{9B4ECFE9-C312-4B2B-B515-AC5843BAD2AF}.Release|Any CPU.Build.0 = Release|Any CPU
		{B2D8B421-3627-45AA-A108-9A066100A60E}.Debug|Any CPU.ActiveCfg = Debug|Any CPU
		{B2D8B421-3627-45AA-A108-9A066100A60E}.Debug|Any CPU.Build.0 = Debug|Any CPU
		{B2D8B421-3627-45AA-A108-9A066100A60E}.Release|Any CPU.ActiveCfg = Release|Any CPU
		{B2D8B421-3627-45AA-A108-9A066100A60E}.Release|Any CPU.Build.0 = Release|Any CPU
		{EFF0A016-68BC-4259-B068-3FC2E237EDB1}.Debug|Any CPU.ActiveCfg = Debug|Any CPU
		{EFF0A016-68BC-4259-B068-3FC2E237EDB1}.Debug|Any CPU.Build.0 = Debug|Any CPU
		{EFF0A016-68BC-4259-B068-3FC2E237EDB1}.Release|Any CPU.ActiveCfg = Release|Any CPU
		{EFF0A016-68BC-4259-B068-3FC2E237EDB1}.Release|Any CPU.Build.0 = Release|Any CPU
		{1F6447E1-F355-4897-87F8-880B66A8C0F7}.Debug|Any CPU.ActiveCfg = Debug|Any CPU
		{1F6447E1-F355-4897-87F8-880B66A8C0F7}.Debug|Any CPU.Build.0 = Debug|Any CPU
		{1F6447E1-F355-4897-87F8-880B66A8C0F7}.Release|Any CPU.ActiveCfg = Release|Any CPU
		{1F6447E1-F355-4897-87F8-880B66A8C0F7}.Release|Any CPU.Build.0 = Release|Any CPU
		{FF00EDC9-9863-437C-9B18-5C8CD967891C}.Debug|Any CPU.ActiveCfg = Debug|Any CPU
		{FF00EDC9-9863-437C-9B18-5C8CD967891C}.Debug|Any CPU.Build.0 = Debug|Any CPU
		{FF00EDC9-9863-437C-9B18-5C8CD967891C}.Release|Any CPU.ActiveCfg = Release|Any CPU
		{FF00EDC9-9863-437C-9B18-5C8CD967891C}.Release|Any CPU.Build.0 = Release|Any CPU
	EndGlobalSection
	GlobalSection(SolutionProperties) = preSolution
		HideSolutionNode = FALSE
	EndGlobalSection
	GlobalSection(NestedProjects) = preSolution
		{2673794B-9984-4889-A845-2496B8EB22A6} = {000955AF-5D05-4B06-AB9A-C91089D0FD41}
		{6C458275-2F5F-4CB2-B453-9519964899E1} = {000955AF-5D05-4B06-AB9A-C91089D0FD41}
		{CFDA5190-C61E-446F-9E34-9374186E4E9E} = {000955AF-5D05-4B06-AB9A-C91089D0FD41}
		{50CF5E49-7CED-4387-9BC0-F1A65C864BFC} = {6D8B82FE-20DD-47DD-A0C9-CE7BE1A4DF41}
		{B117A9C0-80FF-4B7B-8F10-12FBA600E48B} = {6D8B82FE-20DD-47DD-A0C9-CE7BE1A4DF41}
		{AE91E90C-A389-4876-A702-B41C9A05F8E5} = {6D8B82FE-20DD-47DD-A0C9-CE7BE1A4DF41}
		{79D86D70-CA44-4159-9626-725D0E9F201F} = {2A166206-A36B-42F0-8632-280029A76771}
		{9B4ECFE9-C312-4B2B-B515-AC5843BAD2AF} = {2A166206-A36B-42F0-8632-280029A76771}
		{B2D8B421-3627-45AA-A108-9A066100A60E} = {2A166206-A36B-42F0-8632-280029A76771}
		{EFF0A016-68BC-4259-B068-3FC2E237EDB1} = {DF33C7CD-7E69-4E05-A4A5-39D47D1D42CB}
		{1F6447E1-F355-4897-87F8-880B66A8C0F7} = {DF33C7CD-7E69-4E05-A4A5-39D47D1D42CB}
		{FF00EDC9-9863-437C-9B18-5C8CD967891C} = {DF33C7CD-7E69-4E05-A4A5-39D47D1D42CB}
	EndGlobalSection
	GlobalSection(ExtensibilityGlobals) = postSolution
		SolutionGuid = {5FF70B6D-CBFE-4E71-BF26-BE986A12D41E}
	EndGlobalSection
EndGlobal
